
Microsoft Visual Studio Solution File, Format Version 12.00
# Visual Studio Version 17
VisualStudioVersion = 17.3.32922.545
MinimumVisualStudioVersion = 10.0.40219.1
Project("{9A19103F-16F7-4668-BE54-9A1E7A4F7556}") = "Frontend", "Frontend\Frontend.csproj", "{FE9829BF-0C2E-439A-9931-34D3B6F9287F}"
EndProject
Project("{9A19103F-16F7-4668-BE54-9A1E7A4F7556}") = "Backend", "Backend\Backend.csproj", "{02D0EBC7-B9ED-47CF-A7F5-9EA05DC6DB69}"
EndProject
Project("{9A19103F-16F7-4668-BE54-9A1E7A4F7556}") = "FnBackground", "FnBackground\FnBackground.csproj", "{8B037521-D023-41ED-A99B-7FE9F04E5B2A}"
EndProject
Global
	GlobalSection(SolutionConfigurationPlatforms) = preSolution
		Debug|Any CPU = Debug|Any CPU
		Release|Any CPU = Release|Any CPU
	EndGlobalSection
	GlobalSection(ProjectConfigurationPlatforms) = postSolution
		{FE9829BF-0C2E-439A-9931-34D3B6F9287F}.Debug|Any CPU.ActiveCfg = Debug|Any CPU
		{FE9829BF-0C2E-439A-9931-34D3B6F9287F}.Debug|Any CPU.Build.0 = Debug|Any CPU
		{FE9829BF-0C2E-439A-9931-34D3B6F9287F}.Release|Any CPU.ActiveCfg = Release|Any CPU
		{FE9829BF-0C2E-439A-9931-34D3B6F9287F}.Release|Any CPU.Build.0 = Release|Any CPU
		{02D0EBC7-B9ED-47CF-A7F5-9EA05DC6DB69}.Debug|Any CPU.ActiveCfg = Debug|Any CPU
		{02D0EBC7-B9ED-47CF-A7F5-9EA05DC6DB69}.Debug|Any CPU.Build.0 = Debug|Any CPU
		{02D0EBC7-B9ED-47CF-A7F5-9EA05DC6DB69}.Release|Any CPU.ActiveCfg = Release|Any CPU
		{02D0EBC7-B9ED-47CF-A7F5-9EA05DC6DB69}.Release|Any CPU.Build.0 = Release|Any CPU
		{8B037521-D023-41ED-A99B-7FE9F04E5B2A}.Debug|Any CPU.ActiveCfg = Debug|Any CPU
		{8B037521-D023-41ED-A99B-7FE9F04E5B2A}.Debug|Any CPU.Build.0 = Debug|Any CPU
		{8B037521-D023-41ED-A99B-7FE9F04E5B2A}.Release|Any CPU.ActiveCfg = Release|Any CPU
		{8B037521-D023-41ED-A99B-7FE9F04E5B2A}.Release|Any CPU.Build.0 = Release|Any CPU
	EndGlobalSection
	GlobalSection(SolutionProperties) = preSolution
		HideSolutionNode = FALSE
	EndGlobalSection
	GlobalSection(ExtensibilityGlobals) = postSolution
		SolutionGuid = {19DEB755-1538-4C62-9293-26C603A654E9}
	EndGlobalSection
EndGlobal
